
Microsoft Visual Studio Solution File, Format Version 12.00
# Visual Studio 15
VisualStudioVersion = 15.0.28307.421
MinimumVisualStudioVersion = 10.0.40219.1
Project("{FAE04EC0-301F-11D3-BF4B-00C04F79EFBC}") = "Curs26Homework", "Curs26Homework\Curs26Homework.csproj", "{A2BA591F-D07C-499E-984A-163EF5BC52FF}"
EndProject
Project("{FAE04EC0-301F-11D3-BF4B-00C04F79EFBC}") = "FirstUnitTests", "FirstUnitTests\FirstUnitTests.csproj", "{42E3D7B0-D934-40FF-9867-67648D746E2B}"
EndProject
Global
	GlobalSection(SolutionConfigurationPlatforms) = preSolution
		Debug|Any CPU = Debug|Any CPU
		Release|Any CPU = Release|Any CPU
	EndGlobalSection
	GlobalSection(ProjectConfigurationPlatforms) = postSolution
		{A2BA591F-D07C-499E-984A-163EF5BC52FF}.Debug|Any CPU.ActiveCfg = Debug|Any CPU
		{A2BA591F-D07C-499E-984A-163EF5BC52FF}.Debug|Any CPU.Build.0 = Debug|Any CPU
		{A2BA591F-D07C-499E-984A-163EF5BC52FF}.Release|Any CPU.ActiveCfg = Release|Any CPU
		{A2BA591F-D07C-499E-984A-163EF5BC52FF}.Release|Any CPU.Build.0 = Release|Any CPU
		{42E3D7B0-D934-40FF-9867-67648D746E2B}.Debug|Any CPU.ActiveCfg = Debug|Any CPU
		{42E3D7B0-D934-40FF-9867-67648D746E2B}.Debug|Any CPU.Build.0 = Debug|Any CPU
		{42E3D7B0-D934-40FF-9867-67648D746E2B}.Release|Any CPU.ActiveCfg = Release|Any CPU
		{42E3D7B0-D934-40FF-9867-67648D746E2B}.Release|Any CPU.Build.0 = Release|Any CPU
	EndGlobalSection
	GlobalSection(SolutionProperties) = preSolution
		HideSolutionNode = FALSE
	EndGlobalSection
	GlobalSection(ExtensibilityGlobals) = postSolution
		SolutionGuid = {BD0F15CD-9002-44EF-BE2B-956A516D4F28}
	EndGlobalSection
EndGlobal
